
Microsoft Visual Studio Solution File, Format Version 12.00
# Visual Studio Version 16
VisualStudioVersion = 16.0.31613.86
MinimumVisualStudioVersion = 10.0.40219.1
Project("{FAE04EC0-301F-11D3-BF4B-00C04F79EFBC}") = "WpfHueEntDemo", "WpfHueEntDemo\WpfHueEntDemo.csproj", "{EEC82161-6342-4162-9FEA-A21B7CEF269D}"
EndProject
Global
	GlobalSection(SolutionConfigurationPlatforms) = preSolution
		Debug|Any CPU = Debug|Any CPU
		Release|Any CPU = Release|Any CPU
	EndGlobalSection
	GlobalSection(ProjectConfigurationPlatforms) = postSolution
		{EEC82161-6342-4162-9FEA-A21B7CEF269D}.Debug|Any CPU.ActiveCfg = Debug|Any CPU
		{EEC82161-6342-4162-9FEA-A21B7CEF269D}.Debug|Any CPU.Build.0 = Debug|Any CPU
		{EEC82161-6342-4162-9FEA-A21B7CEF269D}.Release|Any CPU.ActiveCfg = Release|Any CPU
		{EEC82161-6342-4162-9FEA-A21B7CEF269D}.Release|Any CPU.Build.0 = Release|Any CPU
	EndGlobalSection
	GlobalSection(SolutionProperties) = preSolution
		HideSolutionNode = FALSE
	EndGlobalSection
	GlobalSection(ExtensibilityGlobals) = postSolution
		SolutionGuid = {D206725A-CAB7-4F7D-BD2C-2F00C494A94D}
	EndGlobalSection
EndGlobal
